
Microsoft Visual Studio Solution File, Format Version 12.00
# Visual Studio Version 17
VisualStudioVersion = 17.1.32328.378
MinimumVisualStudioVersion = 10.0.40219.1
Project("{FAE04EC0-301F-11D3-BF4B-00C04F79EFBC}") = "CabInvoiceGeneratorProblemStatements", "CabInvoiceGeneratorProblemStatements.csproj", "{3AED32A6-70A6-4C16-AEB5-F8D0D40C3271}"
EndProject
Project("{FAE04EC0-301F-11D3-BF4B-00C04F79EFBC}") = "InvoiceTester", "..\InvoiceTester\InvoiceTester.csproj", "{8EF407E5-5163-4FFF-B13A-9801DC16B0A2}"
EndProject
Global
	GlobalSection(SolutionConfigurationPlatforms) = preSolution
		Debug|Any CPU = Debug|Any CPU
		Release|Any CPU = Release|Any CPU
	EndGlobalSection
	GlobalSection(ProjectConfigurationPlatforms) = postSolution
		{3AED32A6-70A6-4C16-AEB5-F8D0D40C3271}.Debug|Any CPU.ActiveCfg = Debug|Any CPU
		{3AED32A6-70A6-4C16-AEB5-F8D0D40C3271}.Debug|Any CPU.Build.0 = Debug|Any CPU
		{3AED32A6-70A6-4C16-AEB5-F8D0D40C3271}.Release|Any CPU.ActiveCfg = Release|Any CPU
		{3AED32A6-70A6-4C16-AEB5-F8D0D40C3271}.Release|Any CPU.Build.0 = Release|Any CPU
		{8EF407E5-5163-4FFF-B13A-9801DC16B0A2}.Debug|Any CPU.ActiveCfg = Debug|Any CPU
		{8EF407E5-5163-4FFF-B13A-9801DC16B0A2}.Debug|Any CPU.Build.0 = Debug|Any CPU
		{8EF407E5-5163-4FFF-B13A-9801DC16B0A2}.Release|Any CPU.ActiveCfg = Release|Any CPU
		{8EF407E5-5163-4FFF-B13A-9801DC16B0A2}.Release|Any CPU.Build.0 = Release|Any CPU
	EndGlobalSection
	GlobalSection(SolutionProperties) = preSolution
		HideSolutionNode = FALSE
	EndGlobalSection
	GlobalSection(ExtensibilityGlobals) = postSolution
		SolutionGuid = {2FB3BCE1-6554-4B63-A236-E3114CB8E0F1}
	EndGlobalSection
EndGlobal
